
Microsoft Visual Studio Solution File, Format Version 12.00
# Visual Studio Version 16
VisualStudioVersion = 16.0.31005.135
MinimumVisualStudioVersion = 10.0.40219.1
Project("{FAE04EC0-301F-11D3-BF4B-00C04F79EFBC}") = "Problem2", "Problem2\Problem2.csproj", "{33B5CCBA-3D8A-4E7A-AD4B-A9483E10261B}"
EndProject
Project("{FAE04EC0-301F-11D3-BF4B-00C04F79EFBC}") = "Problem3", "Problem3\Problem3.csproj", "{A28A084B-883E-4FC9-A1F8-AF2EBEF68C7F}"
EndProject
Project("{FAE04EC0-301F-11D3-BF4B-00C04F79EFBC}") = "Problem1", "Problem1\Problem1.csproj", "{F1A56BC9-4E33-4320-A09C-9B8D6E7244B0}"
EndProject
Global
	GlobalSection(SolutionConfigurationPlatforms) = preSolution
		Debug|Any CPU = Debug|Any CPU
		Release|Any CPU = Release|Any CPU
	EndGlobalSection
	GlobalSection(ProjectConfigurationPlatforms) = postSolution
		{33B5CCBA-3D8A-4E7A-AD4B-A9483E10261B}.Debug|Any CPU.ActiveCfg = Debug|Any CPU
		{33B5CCBA-3D8A-4E7A-AD4B-A9483E10261B}.Debug|Any CPU.Build.0 = Debug|Any CPU
		{33B5CCBA-3D8A-4E7A-AD4B-A9483E10261B}.Release|Any CPU.ActiveCfg = Release|Any CPU
		{33B5CCBA-3D8A-4E7A-AD4B-A9483E10261B}.Release|Any CPU.Build.0 = Release|Any CPU
		{A28A084B-883E-4FC9-A1F8-AF2EBEF68C7F}.Debug|Any CPU.ActiveCfg = Debug|Any CPU
		{A28A084B-883E-4FC9-A1F8-AF2EBEF68C7F}.Debug|Any CPU.Build.0 = Debug|Any CPU
		{A28A084B-883E-4FC9-A1F8-AF2EBEF68C7F}.Release|Any CPU.ActiveCfg = Release|Any CPU
		{A28A084B-883E-4FC9-A1F8-AF2EBEF68C7F}.Release|Any CPU.Build.0 = Release|Any CPU
		{F1A56BC9-4E33-4320-A09C-9B8D6E7244B0}.Debug|Any CPU.ActiveCfg = Debug|Any CPU
		{F1A56BC9-4E33-4320-A09C-9B8D6E7244B0}.Debug|Any CPU.Build.0 = Debug|Any CPU
		{F1A56BC9-4E33-4320-A09C-9B8D6E7244B0}.Release|Any CPU.ActiveCfg = Release|Any CPU
		{F1A56BC9-4E33-4320-A09C-9B8D6E7244B0}.Release|Any CPU.Build.0 = Release|Any CPU
	EndGlobalSection
	GlobalSection(SolutionProperties) = preSolution
		HideSolutionNode = FALSE
	EndGlobalSection
	GlobalSection(ExtensibilityGlobals) = postSolution
		SolutionGuid = {4593D268-E035-4C84-A1B0-B85D2C1D0282}
	EndGlobalSection
EndGlobal
